
Microsoft Visual Studio Solution File, Format Version 12.00
# Visual Studio Version 17
VisualStudioVersion = 17.7.34009.444
MinimumVisualStudioVersion = 10.0.40219.1
Project("{FAE04EC0-301F-11D3-BF4B-00C04F79EFBC}") = "WebCloudStorage.Shared", "WebCloudStorage.Shared\WebCloudStorage.Shared.csproj", "{5AA27FB5-BC7B-4507-B4FE-9807C0DCF371}"
EndProject
Project("{FAE04EC0-301F-11D3-BF4B-00C04F79EFBC}") = "WebCloudStorage.API", "WebCloudStorage.API\WebCloudStorage.API.csproj", "{69B4C361-0040-4179-95D4-6CBE95DB83EC}"
EndProject
Project("{FAE04EC0-301F-11D3-BF4B-00C04F79EFBC}") = "WebCloudStorage.WEB", "WebCloudStorage.WEB\WebCloudStorage.WEB.csproj", "{97EA400D-AA6E-4AF3-A36F-DBB6C8677714}"
EndProject
Global
	GlobalSection(SolutionConfigurationPlatforms) = preSolution
		Debug|Any CPU = Debug|Any CPU
		Release|Any CPU = Release|Any CPU
	EndGlobalSection
	GlobalSection(ProjectConfigurationPlatforms) = postSolution
		{5AA27FB5-BC7B-4507-B4FE-9807C0DCF371}.Debug|Any CPU.ActiveCfg = Debug|Any CPU
		{5AA27FB5-BC7B-4507-B4FE-9807C0DCF371}.Debug|Any CPU.Build.0 = Debug|Any CPU
		{5AA27FB5-BC7B-4507-B4FE-9807C0DCF371}.Release|Any CPU.ActiveCfg = Release|Any CPU
		{5AA27FB5-BC7B-4507-B4FE-9807C0DCF371}.Release|Any CPU.Build.0 = Release|Any CPU
		{69B4C361-0040-4179-95D4-6CBE95DB83EC}.Debug|Any CPU.ActiveCfg = Debug|Any CPU
		{69B4C361-0040-4179-95D4-6CBE95DB83EC}.Debug|Any CPU.Build.0 = Debug|Any CPU
		{69B4C361-0040-4179-95D4-6CBE95DB83EC}.Release|Any CPU.ActiveCfg = Release|Any CPU
		{69B4C361-0040-4179-95D4-6CBE95DB83EC}.Release|Any CPU.Build.0 = Release|Any CPU
		{97EA400D-AA6E-4AF3-A36F-DBB6C8677714}.Debug|Any CPU.ActiveCfg = Debug|Any CPU
		{97EA400D-AA6E-4AF3-A36F-DBB6C8677714}.Debug|Any CPU.Build.0 = Debug|Any CPU
		{97EA400D-AA6E-4AF3-A36F-DBB6C8677714}.Release|Any CPU.ActiveCfg = Release|Any CPU
		{97EA400D-AA6E-4AF3-A36F-DBB6C8677714}.Release|Any CPU.Build.0 = Release|Any CPU
	EndGlobalSection
	GlobalSection(SolutionProperties) = preSolution
		HideSolutionNode = FALSE
	EndGlobalSection
	GlobalSection(ExtensibilityGlobals) = postSolution
		SolutionGuid = {4097B359-39C9-4932-A6C8-CFD969C4360B}
	EndGlobalSection
EndGlobal
